
Microsoft Visual Studio Solution File, Format Version 12.00
# Visual Studio Version 16
VisualStudioVersion = 16.0.30517.126
MinimumVisualStudioVersion = 10.0.40219.1
Project("{FAE04EC0-301F-11D3-BF4B-00C04F79EFBC}") = "OrganizationProfile1", "OrganizationProfile1\OrganizationProfile1.csproj", "{D0A0A544-4250-4C26-981A-13A115A9C3F8}"
EndProject
Global
	GlobalSection(SolutionConfigurationPlatforms) = preSolution
		Debug|Any CPU = Debug|Any CPU
		Release|Any CPU = Release|Any CPU
	EndGlobalSection
	GlobalSection(ProjectConfigurationPlatforms) = postSolution
		{D0A0A544-4250-4C26-981A-13A115A9C3F8}.Debug|Any CPU.ActiveCfg = Debug|Any CPU
		{D0A0A544-4250-4C26-981A-13A115A9C3F8}.Debug|Any CPU.Build.0 = Debug|Any CPU
		{D0A0A544-4250-4C26-981A-13A115A9C3F8}.Release|Any CPU.ActiveCfg = Release|Any CPU
		{D0A0A544-4250-4C26-981A-13A115A9C3F8}.Release|Any CPU.Build.0 = Release|Any CPU
	EndGlobalSection
	GlobalSection(SolutionProperties) = preSolution
		HideSolutionNode = FALSE
	EndGlobalSection
	GlobalSection(ExtensibilityGlobals) = postSolution
		SolutionGuid = {B3D0BC53-AA97-4FB8-9F7E-04888602C8C6}
	EndGlobalSection
EndGlobal
